// !$*UTF8*$!
{
	archiveVersion = 1;
	classes = {
	};
	objectVersion = 90;
	objects = {

/* Begin PBXBuildFile section */
		B7A1C1D2E3F4012345678901 /* BitchatMesh in Frameworks */ = {isa = PBXBuildFile; productRef = B7A1C1D2E3F4012345678913 /* BitchatMesh */; };
/* End PBXBuildFile section */


/* Begin PBXFileReference section */
		B7A1C1D2E3F4012345678902 /* bitchatMeshSample.app */ = {isa = PBXFileReference; explicitFileType = wrapper.application; includeInIndex = 0; path = bitchatMeshSample.app; sourceTree = BUILT_PRODUCTS_DIR; };
/* End PBXFileReference section */

/* Begin PBXFileSystemSynchronizedBuildFileExceptionSet section */
		B7A1C1D2E3F4012345678903 /* Exceptions for "bitchatMeshSample" folder in "bitchatMeshSample" target */ = {
			isa = PBXFileSystemSynchronizedBuildFileExceptionSet;
			membershipExceptions = (
				Info.plist,
			);
			target = B7A1C1D2E3F4012345678908 /* bitchatMeshSample */;
		};
/* End PBXFileSystemSynchronizedBuildFileExceptionSet section */

/* Begin PBXFileSystemSynchronizedRootGroup section */
		A6E367C92E76469E0032EA8A /* Configs */ = {
			isa = PBXFileSystemSynchronizedRootGroup;
			path = Configs;
			sourceTree = "<group>";
		};
		B7A1C1D2E3F4012345678904 /* bitchatMeshSample */ = {
			isa = PBXFileSystemSynchronizedRootGroup;
			exceptions = (
				B7A1C1D2E3F4012345678903 /* Exceptions for "bitchatMeshSample" folder in "bitchatMeshSample" target */,
			);
			path = bitchatMeshSample;
			sourceTree = "<group>";
		};
/* End PBXFileSystemSynchronizedRootGroup section */

/* Begin PBXFrameworksBuildPhase section */
		B7A1C1D2E3F4012345678905 /* Frameworks */ = {
			isa = PBXFrameworksBuildPhase;
			files = (
				B7A1C1D2E3F4012345678901 /* BitchatMesh in Frameworks */,
			);
		};
/* End PBXFrameworksBuildPhase section */

/* Begin PBXGroup section */
		18198ED912AAF495D8AF7763 = {
			isa = PBXGroup;
			children = (
				B7A1C1D2E3F4012345678904 /* bitchatMeshSample */,
				A6E367C92E76469E0032EA8A /* Configs */,
				9F37F9F2C353B58AC809E93B /* Products */,
			);
			sourceTree = "<group>";
		};
		9F37F9F2C353B58AC809E93B /* Products */ = {
			isa = PBXGroup;
			children = (
				B7A1C1D2E3F4012345678902 /* bitchatMeshSample.app */,
			);
			name = Products;
			sourceTree = "<group>";
		};
/* End PBXGroup section */

/* Begin PBXNativeTarget section */
		B7A1C1D2E3F4012345678908 /* bitchatMeshSample */ = {
			isa = PBXNativeTarget;
			buildConfigurationList = B7A1C1D2E3F4012345678911 /* Build configuration list for PBXNativeTarget "bitchatMeshSample" */;
			buildPhases = (
				B7A1C1D2E3F4012345678907 /* Sources */,
				B7A1C1D2E3F4012345678906 /* Resources */,
				B7A1C1D2E3F4012345678905 /* Frameworks */,
			);
			buildRules = (
			);
			fileSystemSynchronizedGroups = (
				B7A1C1D2E3F4012345678904 /* bitchatMeshSample */,
			);
			name = bitchatMeshSample;
			packageProductDependencies = (
				B7A1C1D2E3F4012345678913 /* BitchatMesh */,
			);
			productName = bitchatMeshSample;
			productReference = B7A1C1D2E3F4012345678902 /* bitchatMeshSample.app */;
			productType = "com.apple.product-type.application";
		};
/* End PBXNativeTarget section */

/* Begin PBXProject section */
		475D96681D0EA0AE57A4E06E /* Project object */ = {
			isa = PBXProject;
			attributes = {
				BuildIndependentTargetsInParallel = YES;
				LastUpgradeCheck = 1640;
			};
			buildConfigurationList = 3EA424CBD51200895D361189 /* Build configuration list for PBXProject "bitchat" */;
			developmentRegion = en;
			hasScannedForEncodings = 0;
			knownRegions = (
				Base,
				en,
				es,
				ar,
				de,
				fr,
				he,
				id,
				it,
				ja,
				ne,
				"pt-BR",
				ru,
				tr,
				uk,
				"zh-Hans",
			);
			mainGroup = 18198ED912AAF495D8AF7763;
			minimizedProjectReferenceProxies = 1;
			packageReferences = (
				B7A1C1D2E3F4012345678912 /* XCLocalSwiftPackageReference "." */,
			);
			preferredProjectObjectVersion = 90;
			projectDirPath = "";
			projectRoot = "";
			targets = (
				B7A1C1D2E3F4012345678908 /* bitchatMeshSample */,
			);
		};
/* End PBXProject section */

/* Begin PBXResourcesBuildPhase section */
		B7A1C1D2E3F4012345678906 /* Resources */ = {
			isa = PBXResourcesBuildPhase;
			files = (
			);
		};
/* End PBXResourcesBuildPhase section */

/* Begin PBXSourcesBuildPhase section */
		B7A1C1D2E3F4012345678907 /* Sources */ = {
			isa = PBXSourcesBuildPhase;
			files = (
			);
		};
/* End PBXSourcesBuildPhase section */


/* Begin XCBuildConfiguration section */
		B7A1C1D2E3F4012345678909 /* Debug configuration for PBXNativeTarget "bitchatMeshSample" */ = {
			isa = XCBuildConfiguration;
			baseConfigurationReferenceAnchor = A6E367C92E76469E0032EA8A /* Configs */;
			baseConfigurationReferenceRelativePath = Debug.xcconfig;
			buildSettings = {
				ASSETCATALOG_COMPILER_APPICON_NAME = AppIcon;
				ASSETCATALOG_COMPILER_INCLUDE_ALL_APPICON_ASSETS = YES;
				CODE_SIGNING_ALLOWED = YES;
				CODE_SIGNING_REQUIRED = YES;
				CODE_SIGN_STYLE = "$(CODE_SIGN_STYLE)";
				DEVELOPMENT_TEAM = 7ZX3WPAP4Y;
				ENABLE_PREVIEWS = YES;
				INFOPLIST_FILE = bitchatMeshSample/Info.plist;
				INFOPLIST_KEY_CFBundleDisplayName = "Mesh Sample";
				IPHONEOS_DEPLOYMENT_TARGET = "$(IPHONEOS_DEPLOYMENT_TARGET)";
				LD_RUNPATH_SEARCH_PATHS = (
					"$(inherited)",
					"@executable_path/Frameworks",
				);
				MARKETING_VERSION = "$(MARKETING_VERSION)";
				PRODUCT_BUNDLE_IDENTIFIER = "$(PRODUCT_BUNDLE_IDENTIFIER).mesh.sample";
				PRODUCT_NAME = bitchatMeshSample;
				SDKROOT = iphoneos;
				SUPPORTED_PLATFORMS = "iphoneos iphonesimulator";
				SUPPORTS_MACCATALYST = NO;
				SUPPORTS_MAC_DESIGNED_FOR_IPHONE_IPAD = NO;
				SUPPORTS_XR_DESIGNED_FOR_IPHONE_IPAD = NO;
				SWIFT_VERSION = "$(SWIFT_VERSION)";
				TARGETED_DEVICE_FAMILY = 1;
			};
			name = Debug;
		};
		B7A1C1D2E3F4012345678910 /* Release configuration for PBXNativeTarget "bitchatMeshSample" */ = {
			isa = XCBuildConfiguration;
			baseConfigurationReferenceAnchor = A6E367C92E76469E0032EA8A /* Configs */;
			baseConfigurationReferenceRelativePath = Release.xcconfig;
			buildSettings = {
				ASSETCATALOG_COMPILER_APPICON_NAME = AppIcon;
				ASSETCATALOG_COMPILER_INCLUDE_ALL_APPICON_ASSETS = YES;
				CODE_SIGNING_ALLOWED = YES;
				CODE_SIGNING_REQUIRED = YES;
				CODE_SIGN_STYLE = "$(CODE_SIGN_STYLE)";
				DEVELOPMENT_TEAM = 7ZX3WPAP4Y;
				ENABLE_PREVIEWS = YES;
				INFOPLIST_FILE = bitchatMeshSample/Info.plist;
				INFOPLIST_KEY_CFBundleDisplayName = "Mesh Sample";
				IPHONEOS_DEPLOYMENT_TARGET = "$(IPHONEOS_DEPLOYMENT_TARGET)";
				LD_RUNPATH_SEARCH_PATHS = (
					"$(inherited)",
					"@executable_path/Frameworks",
				);
				MARKETING_VERSION = "$(MARKETING_VERSION)";
				PRODUCT_BUNDLE_IDENTIFIER = "$(PRODUCT_BUNDLE_IDENTIFIER).mesh.sample";
				PRODUCT_NAME = bitchatMeshSample;
				SDKROOT = iphoneos;
				SUPPORTED_PLATFORMS = "iphoneos iphonesimulator";
				SUPPORTS_MACCATALYST = NO;
				SUPPORTS_MAC_DESIGNED_FOR_IPHONE_IPAD = NO;
				SUPPORTS_XR_DESIGNED_FOR_IPHONE_IPAD = NO;
				SWIFT_VERSION = "$(SWIFT_VERSION)";
				TARGETED_DEVICE_FAMILY = 1;
			};
			name = Release;
		};
		BF0D85727BCB6E346962F419 /* Release configuration for PBXProject "bitchat" */ = {
			isa = XCBuildConfiguration;
			buildSettings = {
				ALWAYS_SEARCH_USER_PATHS = NO;
				CLANG_ANALYZER_NONNULL = YES;
				CLANG_ANALYZER_NUMBER_OBJECT_CONVERSION = YES_AGGRESSIVE;
				CLANG_CXX_LANGUAGE_STANDARD = "gnu++14";
				CLANG_CXX_LIBRARY = "libc++";
				CLANG_ENABLE_MODULES = YES;
				CLANG_ENABLE_OBJC_ARC = YES;
				CLANG_ENABLE_OBJC_WEAK = YES;
				CLANG_WARN_BLOCK_CAPTURE_AUTORELEASING = YES;
				CLANG_WARN_BOOL_CONVERSION = YES;
				CLANG_WARN_COMMA = YES;
				CLANG_WARN_CONSTANT_CONVERSION = YES;
				CLANG_WARN_DEPRECATED_OBJC_IMPLEMENTATIONS = YES;
				CLANG_WARN_DIRECT_OBJC_ISA_USAGE = YES_ERROR;
				CLANG_WARN_DOCUMENTATION_COMMENTS = YES;
				CLANG_WARN_EMPTY_BODY = YES;
				CLANG_WARN_ENUM_CONVERSION = YES;
				CLANG_WARN_INFINITE_RECURSION = YES;
				CLANG_WARN_INT_CONVERSION = YES;
				CLANG_WARN_NON_LITERAL_NULL_CONVERSION = YES;
				CLANG_WARN_OBJC_IMPLICIT_RETAIN_SELF = YES;
				CLANG_WARN_OBJC_LITERAL_CONVERSION = YES;
				CLANG_WARN_OBJC_ROOT_CLASS = YES_ERROR;
				CLANG_WARN_QUOTED_INCLUDE_IN_FRAMEWORK_HEADER = YES;
				CLANG_WARN_RANGE_LOOP_ANALYSIS = YES;
				CLANG_WARN_STRICT_PROTOTYPES = YES;
				CLANG_WARN_SUSPICIOUS_MOVE = YES;
				CLANG_WARN_UNGUARDED_AVAILABILITY = YES_AGGRESSIVE;
				CLANG_WARN_UNREACHABLE_CODE = YES;
				CLANG_WARN__DUPLICATE_METHOD_MATCH = YES;
				COPY_PHASE_STRIP = NO;
				CURRENT_PROJECT_VERSION = "$(CURRENT_PROJECT_VERSION)";
				DEAD_CODE_STRIPPING = YES;
				DEBUG_INFORMATION_FORMAT = "dwarf-with-dsym";
				ENABLE_NS_ASSERTIONS = NO;
				ENABLE_STRICT_OBJC_MSGSEND = YES;
				ENABLE_USER_SCRIPT_SANDBOXING = YES;
				GCC_C_LANGUAGE_STANDARD = gnu11;
				GCC_NO_COMMON_BLOCKS = YES;
				GCC_WARN_64_TO_32_BIT_CONVERSION = YES;
				GCC_WARN_ABOUT_RETURN_TYPE = YES_ERROR;
				GCC_WARN_UNDECLARED_SELECTOR = YES;
				GCC_WARN_UNINITIALIZED_AUTOS = YES_AGGRESSIVE;
				GCC_WARN_UNUSED_FUNCTION = YES;
				GCC_WARN_UNUSED_VARIABLE = YES;
				IPHONEOS_DEPLOYMENT_TARGET = "$(IPHONEOS_DEPLOYMENT_TARGET)";
				MACOSX_DEPLOYMENT_TARGET = "$(MACOSX_DEPLOYMENT_TARGET)";
				MARKETING_VERSION = "$(MARKETING_VERSION)";
				MTL_ENABLE_DEBUG_INFO = NO;
				MTL_FAST_MATH = YES;
				PRODUCT_NAME = "$(TARGET_NAME)";
				SWIFT_COMPILATION_MODE = wholemodule;
				SWIFT_OPTIMIZATION_LEVEL = "-O";
				SWIFT_VERSION = "$(SWIFT_VERSION)";
			};
			name = Release;
		};
		D8C5BF109BB2630752185FA0 /* Debug configuration for PBXProject "bitchat" */ = {
			isa = XCBuildConfiguration;
			buildSettings = {
				ALWAYS_SEARCH_USER_PATHS = NO;
				CLANG_ANALYZER_NONNULL = YES;
				CLANG_ANALYZER_NUMBER_OBJECT_CONVERSION = YES_AGGRESSIVE;
				CLANG_CXX_LANGUAGE_STANDARD = "gnu++14";
				CLANG_CXX_LIBRARY = "libc++";
				CLANG_ENABLE_MODULES = YES;
				CLANG_ENABLE_OBJC_ARC = YES;
				CLANG_ENABLE_OBJC_WEAK = YES;
				CLANG_WARN_BLOCK_CAPTURE_AUTORELEASING = YES;
				CLANG_WARN_BOOL_CONVERSION = YES;
				CLANG_WARN_COMMA = YES;
				CLANG_WARN_CONSTANT_CONVERSION = YES;
				CLANG_WARN_DEPRECATED_OBJC_IMPLEMENTATIONS = YES;
				CLANG_WARN_DIRECT_OBJC_ISA_USAGE = YES_ERROR;
				CLANG_WARN_DOCUMENTATION_COMMENTS = YES;
				CLANG_WARN_EMPTY_BODY = YES;
				CLANG_WARN_ENUM_CONVERSION = YES;
				CLANG_WARN_INFINITE_RECURSION = YES;
				CLANG_WARN_INT_CONVERSION = YES;
				CLANG_WARN_NON_LITERAL_NULL_CONVERSION = YES;
				CLANG_WARN_OBJC_IMPLICIT_RETAIN_SELF = YES;
				CLANG_WARN_OBJC_LITERAL_CONVERSION = YES;
				CLANG_WARN_OBJC_ROOT_CLASS = YES_ERROR;
				CLANG_WARN_QUOTED_INCLUDE_IN_FRAMEWORK_HEADER = YES;
				CLANG_WARN_RANGE_LOOP_ANALYSIS = YES;
				CLANG_WARN_STRICT_PROTOTYPES = YES;
				CLANG_WARN_SUSPICIOUS_MOVE = YES;
				CLANG_WARN_UNGUARDED_AVAILABILITY = YES_AGGRESSIVE;
				CLANG_WARN_UNREACHABLE_CODE = YES;
				CLANG_WARN__DUPLICATE_METHOD_MATCH = YES;
				COPY_PHASE_STRIP = NO;
				CURRENT_PROJECT_VERSION = "$(CURRENT_PROJECT_VERSION)";
				DEAD_CODE_STRIPPING = YES;
				DEBUG_INFORMATION_FORMAT = dwarf;
				ENABLE_STRICT_OBJC_MSGSEND = YES;
				ENABLE_TESTABILITY = YES;
				ENABLE_USER_SCRIPT_SANDBOXING = YES;
				GCC_C_LANGUAGE_STANDARD = gnu11;
				GCC_DYNAMIC_NO_PIC = NO;
				GCC_NO_COMMON_BLOCKS = YES;
				GCC_OPTIMIZATION_LEVEL = 0;
				GCC_PREPROCESSOR_DEFINITIONS = (
					"$(inherited)",
					"DEBUG=1",
				);
				GCC_WARN_64_TO_32_BIT_CONVERSION = YES;
				GCC_WARN_ABOUT_RETURN_TYPE = YES_ERROR;
				GCC_WARN_UNDECLARED_SELECTOR = YES;
				GCC_WARN_UNINITIALIZED_AUTOS = YES_AGGRESSIVE;
				GCC_WARN_UNUSED_FUNCTION = YES;
				GCC_WARN_UNUSED_VARIABLE = YES;
				IPHONEOS_DEPLOYMENT_TARGET = "$(IPHONEOS_DEPLOYMENT_TARGET)";
				MACOSX_DEPLOYMENT_TARGET = "$(MACOSX_DEPLOYMENT_TARGET)";
				MARKETING_VERSION = "$(MARKETING_VERSION)";
				MTL_ENABLE_DEBUG_INFO = INCLUDE_SOURCE;
				MTL_FAST_MATH = YES;
				ONLY_ACTIVE_ARCH = YES;
				PRODUCT_NAME = "$(TARGET_NAME)";
				SWIFT_ACTIVE_COMPILATION_CONDITIONS = DEBUG;
				SWIFT_OPTIMIZATION_LEVEL = "-Onone";
				SWIFT_VERSION = "$(SWIFT_VERSION)";
			};
			name = Debug;
		};
/* End XCBuildConfiguration section */

/* Begin XCConfigurationList section */
		3EA424CBD51200895D361189 /* Build configuration list for PBXProject "bitchat" */ = {
			isa = XCConfigurationList;
			buildConfigurations = (
				D8C5BF109BB2630752185FA0 /* Debug configuration for PBXProject "bitchat" */,
				BF0D85727BCB6E346962F419 /* Release configuration for PBXProject "bitchat" */,
			);
			defaultConfigurationName = Debug;
		};
		B7A1C1D2E3F4012345678911 /* Build configuration list for PBXNativeTarget "bitchatMeshSample" */ = {
			isa = XCConfigurationList;
			buildConfigurations = (
				B7A1C1D2E3F4012345678909 /* Debug configuration for PBXNativeTarget "bitchatMeshSample" */,
				B7A1C1D2E3F4012345678910 /* Release configuration for PBXNativeTarget "bitchatMeshSample" */,
			);
			defaultConfigurationName = Debug;
		};
/* End XCConfigurationList section */

/* Begin XCLocalSwiftPackageReference section */
		B7A1C1D2E3F4012345678912 /* XCLocalSwiftPackageReference "." */ = {
			isa = XCLocalSwiftPackageReference;
			relativePath = .;
		};
/* End XCLocalSwiftPackageReference section */

/* Begin XCSwiftPackageProductDependency section */
		B7A1C1D2E3F4012345678913 /* BitchatMesh */ = {
			isa = XCSwiftPackageProductDependency;
			package = B7A1C1D2E3F4012345678912 /* XCLocalSwiftPackageReference "." */;
			productName = BitchatMesh;
		};
/* End XCSwiftPackageProductDependency section */
	};
	rootObject = 475D96681D0EA0AE57A4E06E /* Project object */;
}
